
Microsoft Visual Studio Solution File, Format Version 12.00
# Visual Studio 2013
VisualStudioVersion = 12.0.40629.0
MinimumVisualStudioVersion = 10.0.40219.1
Project("{2150E333-8FDC-42A3-9474-1A3956D46DE8}") = "Common", "Common", "{9082792E-F547-44AD-89B7-60EC4819A08F}"
EndProject
Project("{FAE04EC0-301F-11D3-BF4B-00C04F79EFBC}") = "Linkup.Common", "Common\Linkup.Common\Linkup.Common.csproj", "{2753ED31-D787-41F3-893C-58DF187DA1D8}"
EndProject
Project("{FAE04EC0-301F-11D3-BF4B-00C04F79EFBC}") = "Linkup.Data", "Common\Linkup.Data\Linkup.Data.csproj", "{BDF82C46-173E-4DB0-B2BF-923571528A9E}"
EndProject
Project("{FAE04EC0-301F-11D3-BF4B-00C04F79EFBC}") = "Linkup.DataRelationalMapping", "Common\Linkup.DataRelationalMapping\Linkup.DataRelationalMapping.csproj", "{7BB22DE3-7422-4CE4-BD77-B51565343DD2}"
EndProject
Project("{FAE04EC0-301F-11D3-BF4B-00C04F79EFBC}") = "Sheng.WeixinConstruction.Admin.Shell", "Sheng.WeixinConstruction.Admin.Shell\Sheng.WeixinConstruction.Admin.Shell.csproj", "{498DFB1F-C535-4DFA-A177-D582092B61E8}"
EndProject
Project("{FAE04EC0-301F-11D3-BF4B-00C04F79EFBC}") = "Sheng.WeixinConstruction.Infrastructure", "Sheng.WeixinConstruction.Infrastructure\Sheng.WeixinConstruction.Infrastructure.csproj", "{E571E2E2-191F-4B60-8BC2-F848FEFEA6B9}"
EndProject
Project("{FAE04EC0-301F-11D3-BF4B-00C04F79EFBC}") = "Sheng.WeixinConstruction.Core", "Sheng.WeixinConstruction.Core\Sheng.WeixinConstruction.Core.csproj", "{3E09FA4F-E711-42DF-9E35-A954BC626361}"
EndProject
Project("{FAE04EC0-301F-11D3-BF4B-00C04F79EFBC}") = "Sheng.WeixinConstruction.ApiContract", "Sheng.WeixinConstruction.ApiContract\Sheng.WeixinConstruction.ApiContract.csproj", "{55B9BEB8-0CBF-4ED7-A686-3B22E1102F3D}"
EndProject
Global
	GlobalSection(SolutionConfigurationPlatforms) = preSolution
		Debug|Any CPU = Debug|Any CPU
		Release|Any CPU = Release|Any CPU
	EndGlobalSection
	GlobalSection(ProjectConfigurationPlatforms) = postSolution
		{2753ED31-D787-41F3-893C-58DF187DA1D8}.Debug|Any CPU.ActiveCfg = Debug|Any CPU
		{2753ED31-D787-41F3-893C-58DF187DA1D8}.Debug|Any CPU.Build.0 = Debug|Any CPU
		{2753ED31-D787-41F3-893C-58DF187DA1D8}.Release|Any CPU.ActiveCfg = Release|Any CPU
		{2753ED31-D787-41F3-893C-58DF187DA1D8}.Release|Any CPU.Build.0 = Release|Any CPU
		{BDF82C46-173E-4DB0-B2BF-923571528A9E}.Debug|Any CPU.ActiveCfg = Debug|Any CPU
		{BDF82C46-173E-4DB0-B2BF-923571528A9E}.Debug|Any CPU.Build.0 = Debug|Any CPU
		{BDF82C46-173E-4DB0-B2BF-923571528A9E}.Release|Any CPU.ActiveCfg = Release|Any CPU
		{BDF82C46-173E-4DB0-B2BF-923571528A9E}.Release|Any CPU.Build.0 = Release|Any CPU
		{7BB22DE3-7422-4CE4-BD77-B51565343DD2}.Debug|Any CPU.ActiveCfg = Debug|Any CPU
		{7BB22DE3-7422-4CE4-BD77-B51565343DD2}.Debug|Any CPU.Build.0 = Debug|Any CPU
		{7BB22DE3-7422-4CE4-BD77-B51565343DD2}.Release|Any CPU.ActiveCfg = Release|Any CPU
		{7BB22DE3-7422-4CE4-BD77-B51565343DD2}.Release|Any CPU.Build.0 = Release|Any CPU
		{498DFB1F-C535-4DFA-A177-D582092B61E8}.Debug|Any CPU.ActiveCfg = Debug|Any CPU
		{498DFB1F-C535-4DFA-A177-D582092B61E8}.Debug|Any CPU.Build.0 = Debug|Any CPU
		{498DFB1F-C535-4DFA-A177-D582092B61E8}.Release|Any CPU.ActiveCfg = Release|Any CPU
		{498DFB1F-C535-4DFA-A177-D582092B61E8}.Release|Any CPU.Build.0 = Release|Any CPU
		{E571E2E2-191F-4B60-8BC2-F848FEFEA6B9}.Debug|Any CPU.ActiveCfg = Debug|Any CPU
		{E571E2E2-191F-4B60-8BC2-F848FEFEA6B9}.Debug|Any CPU.Build.0 = Debug|Any CPU
		{E571E2E2-191F-4B60-8BC2-F848FEFEA6B9}.Release|Any CPU.ActiveCfg = Release|Any CPU
		{E571E2E2-191F-4B60-8BC2-F848FEFEA6B9}.Release|Any CPU.Build.0 = Release|Any CPU
		{3E09FA4F-E711-42DF-9E35-A954BC626361}.Debug|Any CPU.ActiveCfg = Debug|Any CPU
		{3E09FA4F-E711-42DF-9E35-A954BC626361}.Debug|Any CPU.Build.0 = Debug|Any CPU
		{3E09FA4F-E711-42DF-9E35-A954BC626361}.Release|Any CPU.ActiveCfg = Release|Any CPU
		{3E09FA4F-E711-42DF-9E35-A954BC626361}.Release|Any CPU.Build.0 = Release|Any CPU
		{55B9BEB8-0CBF-4ED7-A686-3B22E1102F3D}.Debug|Any CPU.ActiveCfg = Debug|Any CPU
		{55B9BEB8-0CBF-4ED7-A686-3B22E1102F3D}.Debug|Any CPU.Build.0 = Debug|Any CPU
		{55B9BEB8-0CBF-4ED7-A686-3B22E1102F3D}.Release|Any CPU.ActiveCfg = Release|Any CPU
		{55B9BEB8-0CBF-4ED7-A686-3B22E1102F3D}.Release|Any CPU.Build.0 = Release|Any CPU
	EndGlobalSection
	GlobalSection(SolutionProperties) = preSolution
		HideSolutionNode = FALSE
	EndGlobalSection
	GlobalSection(NestedProjects) = preSolution
		{2753ED31-D787-41F3-893C-58DF187DA1D8} = {9082792E-F547-44AD-89B7-60EC4819A08F}
		{BDF82C46-173E-4DB0-B2BF-923571528A9E} = {9082792E-F547-44AD-89B7-60EC4819A08F}
		{7BB22DE3-7422-4CE4-BD77-B51565343DD2} = {9082792E-F547-44AD-89B7-60EC4819A08F}
	EndGlobalSection
EndGlobal
